
Microsoft Visual Studio Solution File, Format Version 12.00
# Visual Studio Version 17
VisualStudioVersion = 17.13.35931.197 d17.13
MinimumVisualStudioVersion = 10.0.40219.1
Project("{FAE04EC0-301F-11D3-BF4B-00C04F79EFBC}") = "CP2_Lorenzo_Gabriel_Victor_Lucas_Henri-Csharp", "CP2_Lorenzo_Gabriel_Victor_Lucas_Henri-Csharp.csproj", "{5811D88D-BC73-AFBD-5572-788AA64E53B9}"
EndProject
Global
	GlobalSection(SolutionConfigurationPlatforms) = preSolution
		Debug|Any CPU = Debug|Any CPU
		Release|Any CPU = Release|Any CPU
	EndGlobalSection
	GlobalSection(ProjectConfigurationPlatforms) = postSolution
		{5811D88D-BC73-AFBD-5572-788AA64E53B9}.Debug|Any CPU.ActiveCfg = Debug|Any CPU
		{5811D88D-BC73-AFBD-5572-788AA64E53B9}.Debug|Any CPU.Build.0 = Debug|Any CPU
		{5811D88D-BC73-AFBD-5572-788AA64E53B9}.Release|Any CPU.ActiveCfg = Release|Any CPU
		{5811D88D-BC73-AFBD-5572-788AA64E53B9}.Release|Any CPU.Build.0 = Release|Any CPU
	EndGlobalSection
	GlobalSection(SolutionProperties) = preSolution
		HideSolutionNode = FALSE
	EndGlobalSection
	GlobalSection(ExtensibilityGlobals) = postSolution
		SolutionGuid = {1433148B-4767-4480-AE49-5A5F24C3A236}
	EndGlobalSection
EndGlobal
